
Microsoft Visual Studio Solution File, Format Version 12.00
# Visual Studio Version 17
VisualStudioVersion = 17.0.32126.317
MinimumVisualStudioVersion = 10.0.40219.1
Project("{9A19103F-16F7-4668-BE54-9A1E7A4F7556}") = "Domain", "..\Domain\Domain.csproj", "{59F86671-13F0-41C3-9777-A36B493C6B19}"
EndProject
Project("{9A19103F-16F7-4668-BE54-9A1E7A4F7556}") = "DataAccess", "..\DataAccess\DataAccess.csproj", "{B51E4C5C-3ACC-402A-981E-2CB8C90DC2E6}"
EndProject
Project("{9A19103F-16F7-4668-BE54-9A1E7A4F7556}") = "BusinessLogic", "..\BusinessLogic\BusinessLogic.csproj", "{3FD19E5E-E433-4811-9256-D654E0E45E5D}"
EndProject
Project("{9A19103F-16F7-4668-BE54-9A1E7A4F7556}") = "Presentation", "Presentation\Presentation.csproj", "{FBDD4D97-8531-42CD-8259-97685817CC05}"
EndProject
Global
	GlobalSection(SolutionConfigurationPlatforms) = preSolution
		Debug|Any CPU = Debug|Any CPU
		Release|Any CPU = Release|Any CPU
	EndGlobalSection
	GlobalSection(ProjectConfigurationPlatforms) = postSolution
		{59F86671-13F0-41C3-9777-A36B493C6B19}.Debug|Any CPU.ActiveCfg = Debug|Any CPU
		{59F86671-13F0-41C3-9777-A36B493C6B19}.Debug|Any CPU.Build.0 = Debug|Any CPU
		{59F86671-13F0-41C3-9777-A36B493C6B19}.Release|Any CPU.ActiveCfg = Release|Any CPU
		{59F86671-13F0-41C3-9777-A36B493C6B19}.Release|Any CPU.Build.0 = Release|Any CPU
		{B51E4C5C-3ACC-402A-981E-2CB8C90DC2E6}.Debug|Any CPU.ActiveCfg = Debug|Any CPU
		{B51E4C5C-3ACC-402A-981E-2CB8C90DC2E6}.Debug|Any CPU.Build.0 = Debug|Any CPU
		{B51E4C5C-3ACC-402A-981E-2CB8C90DC2E6}.Release|Any CPU.ActiveCfg = Release|Any CPU
		{B51E4C5C-3ACC-402A-981E-2CB8C90DC2E6}.Release|Any CPU.Build.0 = Release|Any CPU
		{3FD19E5E-E433-4811-9256-D654E0E45E5D}.Debug|Any CPU.ActiveCfg = Debug|Any CPU
		{3FD19E5E-E433-4811-9256-D654E0E45E5D}.Debug|Any CPU.Build.0 = Debug|Any CPU
		{3FD19E5E-E433-4811-9256-D654E0E45E5D}.Release|Any CPU.ActiveCfg = Release|Any CPU
		{3FD19E5E-E433-4811-9256-D654E0E45E5D}.Release|Any CPU.Build.0 = Release|Any CPU
		{FBDD4D97-8531-42CD-8259-97685817CC05}.Debug|Any CPU.ActiveCfg = Debug|Any CPU
		{FBDD4D97-8531-42CD-8259-97685817CC05}.Debug|Any CPU.Build.0 = Debug|Any CPU
		{FBDD4D97-8531-42CD-8259-97685817CC05}.Release|Any CPU.ActiveCfg = Release|Any CPU
		{FBDD4D97-8531-42CD-8259-97685817CC05}.Release|Any CPU.Build.0 = Release|Any CPU
	EndGlobalSection
	GlobalSection(SolutionProperties) = preSolution
		HideSolutionNode = FALSE
	EndGlobalSection
	GlobalSection(ExtensibilityGlobals) = postSolution
		SolutionGuid = {2404B318-4E04-47A3-B717-05DBA84D4356}
	EndGlobalSection
EndGlobal
